
Microsoft Visual Studio Solution File, Format Version 12.00
# Visual Studio Version 16
VisualStudioVersion = 16.0.31911.196
MinimumVisualStudioVersion = 10.0.40219.1
Project("{FAE04EC0-301F-11D3-BF4B-00C04F79EFBC}") = "ConexionOracle", "ConexionOracle\ConexionOracle.csproj", "{48E8F2A3-B571-495D-AA58-6A58CC21AABB}"
EndProject
Global
	GlobalSection(SolutionConfigurationPlatforms) = preSolution
		Debug|Any CPU = Debug|Any CPU
		Release|Any CPU = Release|Any CPU
	EndGlobalSection
	GlobalSection(ProjectConfigurationPlatforms) = postSolution
		{48E8F2A3-B571-495D-AA58-6A58CC21AABB}.Debug|Any CPU.ActiveCfg = Debug|Any CPU
		{48E8F2A3-B571-495D-AA58-6A58CC21AABB}.Debug|Any CPU.Build.0 = Debug|Any CPU
		{48E8F2A3-B571-495D-AA58-6A58CC21AABB}.Release|Any CPU.ActiveCfg = Release|Any CPU
		{48E8F2A3-B571-495D-AA58-6A58CC21AABB}.Release|Any CPU.Build.0 = Release|Any CPU
	EndGlobalSection
	GlobalSection(SolutionProperties) = preSolution
		HideSolutionNode = FALSE
	EndGlobalSection
	GlobalSection(ExtensibilityGlobals) = postSolution
		SolutionGuid = {54020B53-8F6E-4F36-82D0-160367711482}
	EndGlobalSection
EndGlobal
